// !$*UTF8*$!
{
	archiveVersion = 1;
	classes = {
	};
	objectVersion = 56;
	objects = {

/* Begin PBXBuildFile section */
		FAA5A84B2A1258F4004353B5 /* AppDelegate.swift in Sources */ = {isa = PBXBuildFile; fileRef = FAA5A84A2A1258F4004353B5 /* AppDelegate.swift */; };
		FAA5A84D2A1258F4004353B5 /* GameScene.sks in Resources */ = {isa = PBXBuildFile; fileRef = FAA5A84C2A1258F4004353B5 /* GameScene.sks */; };
		FAA5A84F2A1258F4004353B5 /* Actions.sks in Resources */ = {isa = PBXBuildFile; fileRef = FAA5A84E2A1258F4004353B5 /* Actions.sks */; };
		FAA5A8512A1258F4004353B5 /* GameScene.swift in Sources */ = {isa = PBXBuildFile; fileRef = FAA5A8502A1258F4004353B5 /* GameScene.swift */; };
		FAA5A8532A1258F4004353B5 /* GameViewController.swift in Sources */ = {isa = PBXBuildFile; fileRef = FAA5A8522A1258F4004353B5 /* GameViewController.swift */; };
		FAA5A8562A1258F4004353B5 /* Main.storyboard in Resources */ = {isa = PBXBuildFile; fileRef = FAA5A8542A1258F4004353B5 /* Main.storyboard */; };
		FAA5A8582A1258F5004353B5 /* Assets.xcassets in Resources */ = {isa = PBXBuildFile; fileRef = FAA5A8572A1258F5004353B5 /* Assets.xcassets */; };
		FAA5A85B2A1258F5004353B5 /* LaunchScreen.storyboard in Resources */ = {isa = PBXBuildFile; fileRef = FAA5A8592A1258F5004353B5 /* LaunchScreen.storyboard */; };
/* End PBXBuildFile section */

/* Begin PBXFileReference section */
		FAA5A8472A1258F4004353B5 /* PrimeirosPassosSK.app */ = {isa = PBXFileReference; explicitFileType = wrapper.application; includeInIndex = 0; path = PrimeirosPassosSK.app; sourceTree = BUILT_PRODUCTS_DIR; };
		FAA5A84A2A1258F4004353B5 /* AppDelegate.swift */ = {isa = PBXFileReference; lastKnownFileType = sourcecode.swift; path = AppDelegate.swift; sourceTree = "<group>"; };
		FAA5A84C2A1258F4004353B5 /* GameScene.sks */ = {isa = PBXFileReference; lastKnownFileType = file.sks; path = GameScene.sks; sourceTree = "<group>"; };
		FAA5A84E2A1258F4004353B5 /* Actions.sks */ = {isa = PBXFileReference; lastKnownFileType = file.sks; path = Actions.sks; sourceTree = "<group>"; };
		FAA5A8502A1258F4004353B5 /* GameScene.swift */ = {isa = PBXFileReference; lastKnownFileType = sourcecode.swift; path = GameScene.swift; sourceTree = "<group>"; wrapsLines = 0; };
		FAA5A8522A1258F4004353B5 /* GameViewController.swift */ = {isa = PBXFileReference; lastKnownFileType = sourcecode.swift; path = GameViewController.swift; sourceTree = "<group>"; };
		FAA5A8552A1258F4004353B5 /* Base */ = {isa = PBXFileReference; lastKnownFileType = file.storyboard; name = Base; path = Base.lproj/Main.storyboard; sourceTree = "<group>"; };
		FAA5A8572A1258F5004353B5 /* Assets.xcassets */ = {isa = PBXFileReference; lastKnownFileType = folder.assetcatalog; path = Assets.xcassets; sourceTree = "<group>"; };
		FAA5A85A2A1258F5004353B5 /* Base */ = {isa = PBXFileReference; lastKnownFileType = file.storyboard; name = Base; path = Base.lproj/LaunchScreen.storyboard; sourceTree = "<group>"; };
		FAA5A8632A126B8F004353B5 /* score.mp3 */ = {isa = PBXFileReference; lastKnownFileType = audio.mp3; path = score.mp3; sourceTree = "<group>"; };
/* End PBXFileReference section */

/* Begin PBXFrameworksBuildPhase section */
		FAA5A8442A1258F4004353B5 /* Frameworks */ = {
			isa = PBXFrameworksBuildPhase;
			buildActionMask = 2147483647;
			files = (
			);
			runOnlyForDeploymentPostprocessing = 0;
		};
/* End PBXFrameworksBuildPhase section */

/* Begin PBXGroup section */
		FAA5A83E2A1258F4004353B5 = {
			isa = PBXGroup;
			children = (
				FAA5A8492A1258F4004353B5 /* PrimeirosPassosSK */,
				FAA5A8482A1258F4004353B5 /* Products */,
			);
			sourceTree = "<group>";
		};
		FAA5A8482A1258F4004353B5 /* Products */ = {
			isa = PBXGroup;
			children = (
				FAA5A8472A1258F4004353B5 /* PrimeirosPassosSK.app */,
			);
			name = Products;
			sourceTree = "<group>";
		};
		FAA5A8492A1258F4004353B5 /* PrimeirosPassosSK */ = {
			isa = PBXGroup;
			children = (
				FAA5A84A2A1258F4004353B5 /* AppDelegate.swift */,
				FAA5A84C2A1258F4004353B5 /* GameScene.sks */,
				FAA5A84E2A1258F4004353B5 /* Actions.sks */,
				FAA5A8502A1258F4004353B5 /* GameScene.swift */,
				FAA5A8522A1258F4004353B5 /* GameViewController.swift */,
				FAA5A8542A1258F4004353B5 /* Main.storyboard */,
				FAA5A8572A1258F5004353B5 /* Assets.xcassets */,
				FAA5A8592A1258F5004353B5 /* LaunchScreen.storyboard */,
				FAA5A8632A126B8F004353B5 /* score.mp3 */,
			);
			path = PrimeirosPassosSK;
			sourceTree = "<group>";
		};
/* End PBXGroup section */

/* Begin PBXNativeTarget section */
		FAA5A8462A1258F4004353B5 /* PrimeirosPassosSK */ = {
			isa = PBXNativeTarget;
			buildConfigurationList = FAA5A85E2A1258F5004353B5 /* Build configuration list for PBXNativeTarget "PrimeirosPassosSK" */;
			buildPhases = (
				FAA5A8432A1258F4004353B5 /* Sources */,
				FAA5A8442A1258F4004353B5 /* Frameworks */,
				FAA5A8452A1258F4004353B5 /* Resources */,
			);
			buildRules = (
			);
			dependencies = (
			);
			name = PrimeirosPassosSK;
			productName = PrimeirosPassosSK;
			productReference = FAA5A8472A1258F4004353B5 /* PrimeirosPassosSK.app */;
			productType = "com.apple.product-type.application";
		};
/* End PBXNativeTarget section */

/* Begin PBXProject section */
		FAA5A83F2A1258F4004353B5 /* Project object */ = {
			isa = PBXProject;
			attributes = {
				BuildIndependentTargetsInParallel = 1;
				LastSwiftUpdateCheck = 1430;
				LastUpgradeCheck = 1430;
				TargetAttributes = {
					FAA5A8462A1258F4004353B5 = {
						CreatedOnToolsVersion = 14.3;
					};
				};
			};
			buildConfigurationList = FAA5A8422A1258F4004353B5 /* Build configuration list for PBXProject "PrimeirosPassosSK" */;
			compatibilityVersion = "Xcode 14.0";
			developmentRegion = en;
			hasScannedForEncodings = 0;
			knownRegions = (
				en,
				Base,
			);
			mainGroup = FAA5A83E2A1258F4004353B5;
			productRefGroup = FAA5A8482A1258F4004353B5 /* Products */;
			projectDirPath = "";
			projectRoot = "";
			targets = (
				FAA5A8462A1258F4004353B5 /* PrimeirosPassosSK */,
			);
		};
/* End PBXProject section */

/* Begin PBXResourcesBuildPhase section */
		FAA5A8452A1258F4004353B5 /* Resources */ = {
			isa = PBXResourcesBuildPhase;
			buildActionMask = 2147483647;
			files = (
				FAA5A8562A1258F4004353B5 /* Main.storyboard in Resources */,
				FAA5A84D2A1258F4004353B5 /* GameScene.sks in Resources */,
				FAA5A8582A1258F5004353B5 /* Assets.xcassets in Resources */,
				FAA5A85B2A1258F5004353B5 /* LaunchScreen.storyboard in Resources */,
				FAA5A84F2A1258F4004353B5 /* Actions.sks in Resources */,
			);
			runOnlyForDeploymentPostprocessing = 0;
		};
/* End PBXResourcesBuildPhase section */

/* Begin PBXSourcesBuildPhase section */
		FAA5A8432A1258F4004353B5 /* Sources */ = {
			isa = PBXSourcesBuildPhase;
			buildActionMask = 2147483647;
			files = (
				FAA5A8512A1258F4004353B5 /* GameScene.swift in Sources */,
				FAA5A8532A1258F4004353B5 /* GameViewController.swift in Sources */,
				FAA5A84B2A1258F4004353B5 /* AppDelegate.swift in Sources */,
			);
			runOnlyForDeploymentPostprocessing = 0;
		};
/* End PBXSourcesBuildPhase section */

/* Begin PBXVariantGroup section */
		FAA5A8542A1258F4004353B5 /* Main.storyboard */ = {
			isa = PBXVariantGroup;
			children = (
				FAA5A8552A1258F4004353B5 /* Base */,
			);
			name = Main.storyboard;
			sourceTree = "<group>";
		};
		FAA5A8592A1258F5004353B5 /* LaunchScreen.storyboard */ = {
			isa = PBXVariantGroup;
			children = (
				FAA5A85A2A1258F5004353B5 /* Base */,
			);
			name = LaunchScreen.storyboard;
			sourceTree = "<group>";
		};
/* End PBXVariantGroup section */

/* Begin XCBuildConfiguration section */
		FAA5A85C2A1258F5004353B5 /* Debug */ = {
			isa = XCBuildConfiguration;
			buildSettings = {
				ALWAYS_SEARCH_USER_PATHS = NO;
				CLANG_ANALYZER_NONNULL = YES;
				CLANG_ANALYZER_NUMBER_OBJECT_CONVERSION = YES_AGGRESSIVE;
				CLANG_CXX_LANGUAGE_STANDARD = "gnu++20";
				CLANG_ENABLE_MODULES = YES;
				CLANG_ENABLE_OBJC_ARC = YES;
				CLANG_ENABLE_OBJC_WEAK = YES;
				CLANG_WARN_BLOCK_CAPTURE_AUTORELEASING = YES;
				CLANG_WARN_BOOL_CONVERSION = YES;
				CLANG_WARN_COMMA = YES;
				CLANG_WARN_CONSTANT_CONVERSION = YES;
				CLANG_WARN_DEPRECATED_OBJC_IMPLEMENTATIONS = YES;
				CLANG_WARN_DIRECT_OBJC_ISA_USAGE = YES_ERROR;
				CLANG_WARN_DOCUMENTATION_COMMENTS = YES;
				CLANG_WARN_EMPTY_BODY = YES;
				CLANG_WARN_ENUM_CONVERSION = YES;
				CLANG_WARN_INFINITE_RECURSION = YES;
				CLANG_WARN_INT_CONVERSION = YES;
				CLANG_WARN_NON_LITERAL_NULL_CONVERSION = YES;
				CLANG_WARN_OBJC_IMPLICIT_RETAIN_SELF = YES;
				CLANG_WARN_OBJC_LITERAL_CONVERSION = YES;
				CLANG_WARN_OBJC_ROOT_CLASS = YES_ERROR;
				CLANG_WARN_QUOTED_INCLUDE_IN_FRAMEWORK_HEADER = YES;
				CLANG_WARN_RANGE_LOOP_ANALYSIS = YES;
				CLANG_WARN_STRICT_PROTOTYPES = YES;
				CLANG_WARN_SUSPICIOUS_MOVE = YES;
				CLANG_WARN_UNGUARDED_AVAILABILITY = YES_AGGRESSIVE;
				CLANG_WARN_UNREACHABLE_CODE = YES;
				CLANG_WARN__DUPLICATE_METHOD_MATCH = YES;
				COPY_PHASE_STRIP = NO;
				DEBUG_INFORMATION_FORMAT = dwarf;
				ENABLE_STRICT_OBJC_MSGSEND = YES;
				ENABLE_TESTABILITY = YES;
				GCC_C_LANGUAGE_STANDARD = gnu11;
				GCC_DYNAMIC_NO_PIC = NO;
				GCC_NO_COMMON_BLOCKS = YES;
				GCC_OPTIMIZATION_LEVEL = 0;
				GCC_PREPROCESSOR_DEFINITIONS = (
					"DEBUG=1",
					"$(inherited)",
				);
				GCC_WARN_64_TO_32_BIT_CONVERSION = YES;
				GCC_WARN_ABOUT_RETURN_TYPE = YES_ERROR;
				GCC_WARN_UNDECLARED_SELECTOR = YES;
				GCC_WARN_UNINITIALIZED_AUTOS = YES_AGGRESSIVE;
				GCC_WARN_UNUSED_FUNCTION = YES;
				GCC_WARN_UNUSED_VARIABLE = YES;
				IPHONEOS_DEPLOYMENT_TARGET = 16.4;
				MTL_ENABLE_DEBUG_INFO = INCLUDE_SOURCE;
				MTL_FAST_MATH = YES;
				ONLY_ACTIVE_ARCH = YES;
				SDKROOT = iphoneos;
				SWIFT_ACTIVE_COMPILATION_CONDITIONS = DEBUG;
				SWIFT_OPTIMIZATION_LEVEL = "-Onone";
			};
			name = Debug;
		};
		FAA5A85D2A1258F5004353B5 /* Release */ = {
			isa = XCBuildConfiguration;
			buildSettings = {
				ALWAYS_SEARCH_USER_PATHS = NO;
				CLANG_ANALYZER_NONNULL = YES;
				CLANG_ANALYZER_NUMBER_OBJECT_CONVERSION = YES_AGGRESSIVE;
				CLANG_CXX_LANGUAGE_STANDARD = "gnu++20";
				CLANG_ENABLE_MODULES = YES;
				CLANG_ENABLE_OBJC_ARC = YES;
				CLANG_ENABLE_OBJC_WEAK = YES;
				CLANG_WARN_BLOCK_CAPTURE_AUTORELEASING = YES;
				CLANG_WARN_BOOL_CONVERSION = YES;
				CLANG_WARN_COMMA = YES;
				CLANG_WARN_CONSTANT_CONVERSION = YES;
				CLANG_WARN_DEPRECATED_OBJC_IMPLEMENTATIONS = YES;
				CLANG_WARN_DIRECT_OBJC_ISA_USAGE = YES_ERROR;
				CLANG_WARN_DOCUMENTATION_COMMENTS = YES;
				CLANG_WARN_EMPTY_BODY = YES;
				CLANG_WARN_ENUM_CONVERSION = YES;
				CLANG_WARN_INFINITE_RECURSION = YES;
				CLANG_WARN_INT_CONVERSION = YES;
				CLANG_WARN_NON_LITERAL_NULL_CONVERSION = YES;
				CLANG_WARN_OBJC_IMPLICIT_RETAIN_SELF = YES;
				CLANG_WARN_OBJC_LITERAL_CONVERSION = YES;
				CLANG_WARN_OBJC_ROOT_CLASS = YES_ERROR;
				CLANG_WARN_QUOTED_INCLUDE_IN_FRAMEWORK_HEADER = YES;
				CLANG_WARN_RANGE_LOOP_ANALYSIS = YES;
				CLANG_WARN_STRICT_PROTOTYPES = YES;
				CLANG_WARN_SUSPICIOUS_MOVE = YES;
				CLANG_WARN_UNGUARDED_AVAILABILITY = YES_AGGRESSIVE;
				CLANG_WARN_UNREACHABLE_CODE = YES;
				CLANG_WARN__DUPLICATE_METHOD_MATCH = YES;
				COPY_PHASE_STRIP = NO;
				DEBUG_INFORMATION_FORMAT = "dwarf-with-dsym";
				ENABLE_NS_ASSERTIONS = NO;
				ENABLE_STRICT_OBJC_MSGSEND = YES;
				GCC_C_LANGUAGE_STANDARD = gnu11;
				GCC_NO_COMMON_BLOCKS = YES;
				GCC_WARN_64_TO_32_BIT_CONVERSION = YES;
				GCC_WARN_ABOUT_RETURN_TYPE = YES_ERROR;
				GCC_WARN_UNDECLARED_SELECTOR = YES;
				GCC_WARN_UNINITIALIZED_AUTOS = YES_AGGRESSIVE;
				GCC_WARN_UNUSED_FUNCTION = YES;
				GCC_WARN_UNUSED_VARIABLE = YES;
				IPHONEOS_DEPLOYMENT_TARGET = 16.4;
				MTL_ENABLE_DEBUG_INFO = NO;
				MTL_FAST_MATH = YES;
				SDKROOT = iphoneos;
				SWIFT_COMPILATION_MODE = wholemodule;
				SWIFT_OPTIMIZATION_LEVEL = "-O";
				VALIDATE_PRODUCT = YES;
			};
			name = Release;
		};
		FAA5A85F2A1258F5004353B5 /* Debug */ = {
			isa = XCBuildConfiguration;
			buildSettings = {
				ASSETCATALOG_COMPILER_APPICON_NAME = AppIcon;
				ASSETCATALOG_COMPILER_GLOBAL_ACCENT_COLOR_NAME = AccentColor;
				CODE_SIGN_STYLE = Automatic;
				CURRENT_PROJECT_VERSION = 1;
				DEVELOPMENT_TEAM = 5DQLC63RNN;
				GENERATE_INFOPLIST_FILE = YES;
				INFOPLIST_KEY_UIApplicationSupportsIndirectInputEvents = YES;
				INFOPLIST_KEY_UILaunchStoryboardName = LaunchScreen;
				INFOPLIST_KEY_UIMainStoryboardFile = Main;
				INFOPLIST_KEY_UIStatusBarHidden = YES;
				INFOPLIST_KEY_UISupportedInterfaceOrientations_iPad = "UIInterfaceOrientationPortrait UIInterfaceOrientationPortraitUpsideDown UIInterfaceOrientationLandscapeLeft UIInterfaceOrientationLandscapeRight";
				INFOPLIST_KEY_UISupportedInterfaceOrientations_iPhone = "UIInterfaceOrientationPortrait UIInterfaceOrientationLandscapeLeft UIInterfaceOrientationLandscapeRight";
				LD_RUNPATH_SEARCH_PATHS = (
					"$(inherited)",
					"@executable_path/Frameworks",
				);
				MARKETING_VERSION = 1.0;
				PRODUCT_BUNDLE_IDENTIFIER = "Yasmin-Kaline.PrimeirosPassosSK";
				PRODUCT_NAME = "$(TARGET_NAME)";
				SWIFT_EMIT_LOC_STRINGS = YES;
				SWIFT_VERSION = 5.0;
				TARGETED_DEVICE_FAMILY = "1,2";
			};
			name = Debug;
		};
		FAA5A8602A1258F5004353B5 /* Release */ = {
			isa = XCBuildConfiguration;
			buildSettings = {
				ASSETCATALOG_COMPILER_APPICON_NAME = AppIcon;
				ASSETCATALOG_COMPILER_GLOBAL_ACCENT_COLOR_NAME = AccentColor;
				CODE_SIGN_STYLE = Automatic;
				CURRENT_PROJECT_VERSION = 1;
				DEVELOPMENT_TEAM = 5DQLC63RNN;
				GENERATE_INFOPLIST_FILE = YES;
				INFOPLIST_KEY_UIApplicationSupportsIndirectInputEvents = YES;
				INFOPLIST_KEY_UILaunchStoryboardName = LaunchScreen;
				INFOPLIST_KEY_UIMainStoryboardFile = Main;
				INFOPLIST_KEY_UIStatusBarHidden = YES;
				INFOPLIST_KEY_UISupportedInterfaceOrientations_iPad = "UIInterfaceOrientationPortrait UIInterfaceOrientationPortraitUpsideDown UIInterfaceOrientationLandscapeLeft UIInterfaceOrientationLandscapeRight";
				INFOPLIST_KEY_UISupportedInterfaceOrientations_iPhone = "UIInterfaceOrientationPortrait UIInterfaceOrientationLandscapeLeft UIInterfaceOrientationLandscapeRight";
				LD_RUNPATH_SEARCH_PATHS = (
					"$(inherited)",
					"@executable_path/Frameworks",
				);
				MARKETING_VERSION = 1.0;
				PRODUCT_BUNDLE_IDENTIFIER = "Yasmin-Kaline.PrimeirosPassosSK";
				PRODUCT_NAME = "$(TARGET_NAME)";
				SWIFT_EMIT_LOC_STRINGS = YES;
				SWIFT_VERSION = 5.0;
				TARGETED_DEVICE_FAMILY = "1,2";
			};
			name = Release;
		};
/* End XCBuildConfiguration section */

/* Begin XCConfigurationList section */
		FAA5A8422A1258F4004353B5 /* Build configuration list for PBXProject "PrimeirosPassosSK" */ = {
			isa = XCConfigurationList;
			buildConfigurations = (
				FAA5A85C2A1258F5004353B5 /* Debug */,
				FAA5A85D2A1258F5004353B5 /* Release */,
			);
			defaultConfigurationIsVisible = 0;
			defaultConfigurationName = Release;
		};
		FAA5A85E2A1258F5004353B5 /* Build configuration list for PBXNativeTarget "PrimeirosPassosSK" */ = {
			isa = XCConfigurationList;
			buildConfigurations = (
				FAA5A85F2A1258F5004353B5 /* Debug */,
				FAA5A8602A1258F5004353B5 /* Release */,
			);
			defaultConfigurationIsVisible = 0;
			defaultConfigurationName = Release;
		};
/* End XCConfigurationList section */
	};
	rootObject = FAA5A83F2A1258F4004353B5 /* Project object */;
}
